
Microsoft Visual Studio Solution File, Format Version 12.00
# Visual Studio 15
VisualStudioVersion = 15.0.27130.2024
MinimumVisualStudioVersion = 10.0.40219.1
Project("{8BC9CEB8-8B4A-11D0-8D11-00A0C91BC942}") = "Fmod", "Fmod\Fmod.vcxproj", "{7EAC1ABC-3A5D-40B3-933A-BC1D7DD2B2CB}"
EndProject
Global
	GlobalSection(SolutionConfigurationPlatforms) = preSolution
		Debug|x64 = Debug|x64
		Debug|x86 = Debug|x86
		Release|x64 = Release|x64
		Release|x86 = Release|x86
	EndGlobalSection
	GlobalSection(ProjectConfigurationPlatforms) = postSolution
		{7EAC1ABC-3A5D-40B3-933A-BC1D7DD2B2CB}.Debug|x64.ActiveCfg = Debug|x64
		{7EAC1ABC-3A5D-40B3-933A-BC1D7DD2B2CB}.Debug|x64.Build.0 = Debug|x64
		{7EAC1ABC-3A5D-40B3-933A-BC1D7DD2B2CB}.Debug|x86.ActiveCfg = Debug|Win32
		{7EAC1ABC-3A5D-40B3-933A-BC1D7DD2B2CB}.Debug|x86.Build.0 = Debug|Win32
		{7EAC1ABC-3A5D-40B3-933A-BC1D7DD2B2CB}.Release|x64.ActiveCfg = Release|x64
		{7EAC1ABC-3A5D-40B3-933A-BC1D7DD2B2CB}.Release|x64.Build.0 = Release|x64
		{7EAC1ABC-3A5D-40B3-933A-BC1D7DD2B2CB}.Release|x86.ActiveCfg = Release|Win32
		{7EAC1ABC-3A5D-40B3-933A-BC1D7DD2B2CB}.Release|x86.Build.0 = Release|Win32
	EndGlobalSection
	GlobalSection(SolutionProperties) = preSolution
		HideSolutionNode = FALSE
	EndGlobalSection
	GlobalSection(ExtensibilityGlobals) = postSolution
		SolutionGuid = {3380B016-474A-4D11-A097-B9421FC3A829}
	EndGlobalSection
EndGlobal
