
Microsoft Visual Studio Solution File, Format Version 12.00
# Visual Studio 15
VisualStudioVersion = 15.0.27130.2036
MinimumVisualStudioVersion = 10.0.40219.1
Project("{8BC9CEB8-8B4A-11D0-8D11-00A0C91BC942}") = "pointEks2", "pointEks2\pointEks2.vcxproj", "{7CCC85E9-BD16-4DD2-96E3-FB469AD1578A}"
EndProject
Global
	GlobalSection(SolutionConfigurationPlatforms) = preSolution
		Debug|x64 = Debug|x64
		Debug|x86 = Debug|x86
		Release|x64 = Release|x64
		Release|x86 = Release|x86
	EndGlobalSection
	GlobalSection(ProjectConfigurationPlatforms) = postSolution
		{7CCC85E9-BD16-4DD2-96E3-FB469AD1578A}.Debug|x64.ActiveCfg = Debug|x64
		{7CCC85E9-BD16-4DD2-96E3-FB469AD1578A}.Debug|x64.Build.0 = Debug|x64
		{7CCC85E9-BD16-4DD2-96E3-FB469AD1578A}.Debug|x86.ActiveCfg = Debug|Win32
		{7CCC85E9-BD16-4DD2-96E3-FB469AD1578A}.Debug|x86.Build.0 = Debug|Win32
		{7CCC85E9-BD16-4DD2-96E3-FB469AD1578A}.Release|x64.ActiveCfg = Release|x64
		{7CCC85E9-BD16-4DD2-96E3-FB469AD1578A}.Release|x64.Build.0 = Release|x64
		{7CCC85E9-BD16-4DD2-96E3-FB469AD1578A}.Release|x86.ActiveCfg = Release|Win32
		{7CCC85E9-BD16-4DD2-96E3-FB469AD1578A}.Release|x86.Build.0 = Release|Win32
	EndGlobalSection
	GlobalSection(SolutionProperties) = preSolution
		HideSolutionNode = FALSE
	EndGlobalSection
	GlobalSection(ExtensibilityGlobals) = postSolution
		SolutionGuid = {009AE538-5803-4060-B9D0-E60C8BE3313A}
	EndGlobalSection
EndGlobal
