
Microsoft Visual Studio Solution File, Format Version 12.00
# Visual Studio 15
VisualStudioVersion = 15.0.27130.2036
MinimumVisualStudioVersion = 10.0.40219.1
Project("{8BC9CEB8-8B4A-11D0-8D11-00A0C91BC942}") = "Oppgave5", "Oppgave5\Oppgave5.vcxproj", "{93F752BA-43A8-4DBC-9057-B07C4A1BE452}"
EndProject
Global
	GlobalSection(SolutionConfigurationPlatforms) = preSolution
		Debug|x64 = Debug|x64
		Debug|x86 = Debug|x86
		Release|x64 = Release|x64
		Release|x86 = Release|x86
	EndGlobalSection
	GlobalSection(ProjectConfigurationPlatforms) = postSolution
		{93F752BA-43A8-4DBC-9057-B07C4A1BE452}.Debug|x64.ActiveCfg = Debug|x64
		{93F752BA-43A8-4DBC-9057-B07C4A1BE452}.Debug|x64.Build.0 = Debug|x64
		{93F752BA-43A8-4DBC-9057-B07C4A1BE452}.Debug|x86.ActiveCfg = Debug|Win32
		{93F752BA-43A8-4DBC-9057-B07C4A1BE452}.Debug|x86.Build.0 = Debug|Win32
		{93F752BA-43A8-4DBC-9057-B07C4A1BE452}.Release|x64.ActiveCfg = Release|x64
		{93F752BA-43A8-4DBC-9057-B07C4A1BE452}.Release|x64.Build.0 = Release|x64
		{93F752BA-43A8-4DBC-9057-B07C4A1BE452}.Release|x86.ActiveCfg = Release|Win32
		{93F752BA-43A8-4DBC-9057-B07C4A1BE452}.Release|x86.Build.0 = Release|Win32
	EndGlobalSection
	GlobalSection(SolutionProperties) = preSolution
		HideSolutionNode = FALSE
	EndGlobalSection
	GlobalSection(ExtensibilityGlobals) = postSolution
		SolutionGuid = {EF55F324-44C0-4556-BF3F-33EBE8F4F498}
	EndGlobalSection
EndGlobal
